
Microsoft Visual Studio Solution File, Format Version 12.00
# Visual Studio 15
VisualStudioVersion = 15.0.28307.438
MinimumVisualStudioVersion = 10.0.40219.1
Project("{FAE04EC0-301F-11D3-BF4B-00C04F79EFBC}") = "WebApplication3", "WebApplication3\WebApplication3.csproj", "{A20E3178-186D-481E-8790-08D6E966185C}"
EndProject
Global
	GlobalSection(SolutionConfigurationPlatforms) = preSolution
		Debug|Any CPU = Debug|Any CPU
		Release|Any CPU = Release|Any CPU
	EndGlobalSection
	GlobalSection(ProjectConfigurationPlatforms) = postSolution
		{A20E3178-186D-481E-8790-08D6E966185C}.Debug|Any CPU.ActiveCfg = Debug|Any CPU
		{A20E3178-186D-481E-8790-08D6E966185C}.Debug|Any CPU.Build.0 = Debug|Any CPU
		{A20E3178-186D-481E-8790-08D6E966185C}.Release|Any CPU.ActiveCfg = Release|Any CPU
		{A20E3178-186D-481E-8790-08D6E966185C}.Release|Any CPU.Build.0 = Release|Any CPU
	EndGlobalSection
	GlobalSection(SolutionProperties) = preSolution
		HideSolutionNode = FALSE
	EndGlobalSection
	GlobalSection(ExtensibilityGlobals) = postSolution
		SolutionGuid = {949F033C-5608-4B80-BC39-D678D5E2AF2F}
	EndGlobalSection
EndGlobal
